
Microsoft Visual Studio Solution File, Format Version 12.00
# Visual Studio 15
Project("{FAE04EC0-301F-11D3-BF4B-00C04F79EFBC}") = "GruppeOppgave1", "GruppeOppgave1\GruppeOppgave1.csproj", "{3894EF5C-3040-4AC6-80A9-DB74E3C63190}"
EndProject
Global
	GlobalSection(SolutionConfigurationPlatforms) = preSolution
		Debug|Any CPU = Debug|Any CPU
		Release|Any CPU = Release|Any CPU
	EndGlobalSection
	GlobalSection(ProjectConfigurationPlatforms) = postSolution
		{3894EF5C-3040-4AC6-80A9-DB74E3C63190}.Debug|Any CPU.ActiveCfg = Debug|Any CPU
		{3894EF5C-3040-4AC6-80A9-DB74E3C63190}.Debug|Any CPU.Build.0 = Debug|Any CPU
		{3894EF5C-3040-4AC6-80A9-DB74E3C63190}.Release|Any CPU.ActiveCfg = Release|Any CPU
		{3894EF5C-3040-4AC6-80A9-DB74E3C63190}.Release|Any CPU.Build.0 = Release|Any CPU
	EndGlobalSection
EndGlobal
